
Microsoft Visual Studio Solution File, Format Version 12.00
# Visual Studio Version 17
VisualStudioVersion = 17.13.35828.75 d17.13
MinimumVisualStudioVersion = 10.0.40219.1
Project("{FAE04EC0-301F-11D3-BF4B-00C04F79EFBC}") = "ToDoWebAPI", "ToDoWebAPI\ToDoWebAPI.csproj", "{D68960C7-223D-4D0E-A915-092354BBA848}"
EndProject
Global
	GlobalSection(SolutionConfigurationPlatforms) = preSolution
		Debug|Any CPU = Debug|Any CPU
		Release|Any CPU = Release|Any CPU
	EndGlobalSection
	GlobalSection(ProjectConfigurationPlatforms) = postSolution
		{D68960C7-223D-4D0E-A915-092354BBA848}.Debug|Any CPU.ActiveCfg = Debug|Any CPU
		{D68960C7-223D-4D0E-A915-092354BBA848}.Debug|Any CPU.Build.0 = Debug|Any CPU
		{D68960C7-223D-4D0E-A915-092354BBA848}.Release|Any CPU.ActiveCfg = Release|Any CPU
		{D68960C7-223D-4D0E-A915-092354BBA848}.Release|Any CPU.Build.0 = Release|Any CPU
	EndGlobalSection
	GlobalSection(SolutionProperties) = preSolution
		HideSolutionNode = FALSE
	EndGlobalSection
	GlobalSection(ExtensibilityGlobals) = postSolution
		SolutionGuid = {CF638EE6-7D68-45B6-AB6B-381C0DD4A4F3}
	EndGlobalSection
EndGlobal
